
Microsoft Visual Studio Solution File, Format Version 12.00
Project("{FAE04EC0-301F-11D3-BF4B-00C04F79EFBC}") = "Server.API", "Server.API\Server.API.csproj", "{263C1730-CEF9-45F9-9A70-26800F1219B0}"
EndProject
Project("{FAE04EC0-301F-11D3-BF4B-00C04F79EFBC}") = "Domain", "Domain\Domain.csproj", "{2442CB3A-65AD-4175-B1B4-18D69D025BF7}"
EndProject
Project("{FAE04EC0-301F-11D3-BF4B-00C04F79EFBC}") = "Server.Core", "Server.Core\Server.Core.csproj", "{09D0D810-F06C-4002-A4C6-BFCA337B27B5}"
EndProject
Project("{FAE04EC0-301F-11D3-BF4B-00C04F79EFBC}") = "Server.API.Client", "Server.API.Client\Server.API.Client.csproj", "{C49C550E-E245-41E5-8F9E-56B3A239F7BF}"
EndProject
Project("{FAE04EC0-301F-11D3-BF4B-00C04F79EFBC}") = "Server.BlazorUI", "Server.BlazorUI\Server.BlazorUI.csproj", "{74364A47-8C5B-4EBF-B7B6-F4CD360AD10A}"
EndProject
Project("{FAE04EC0-301F-11D3-BF4B-00C04F79EFBC}") = "DedicatedMachine.Share", "DedicatedMachine.Share\DedicatedMachine.Share.csproj", "{CE46D106-F8E5-443F-A9CD-41A0D2E01EBA}"
EndProject
Project("{FAE04EC0-301F-11D3-BF4B-00C04F79EFBC}") = "DedicatedMachine.Client", "DedicatedMachine.Client\DedicatedMachine.Client.csproj", "{DC933F5D-EEAB-44F1-B049-A687FC8A3443}"
EndProject
Project("{FAE04EC0-301F-11D3-BF4B-00C04F79EFBC}") = "DedicatedMachine.Server", "DedicatedMachine.Server\DedicatedMachine.Server.csproj", "{6B3176E0-D86A-4B7B-86B5-B1DCC465B6C2}"
EndProject
Project("{FAE04EC0-301F-11D3-BF4B-00C04F79EFBC}") = "DedicatedMachine.Client.Test", "DedicatedMachine.Client.Test\DedicatedMachine.Client.Test.csproj", "{0D9333B7-E291-4DAC-9C76-A01E0288C9CD}"
EndProject
Project("{FAE04EC0-301F-11D3-BF4B-00C04F79EFBC}") = "DedicatedMachine.Server.Test", "DedicatedMachine.Server.Test\DedicatedMachine.Server.Test.csproj", "{AC7A62B6-5150-418C-A0D3-AF4BCA554450}"
EndProject
Project("{FAE04EC0-301F-11D3-BF4B-00C04F79EFBC}") = "Server.Core.Test", "Server.Core.Test\Server.Core.Test.csproj", "{C1249A6C-FDB6-4A79-AB48-F9CEE2E291E6}"
EndProject
Global
	GlobalSection(SolutionConfigurationPlatforms) = preSolution
		Debug|Any CPU = Debug|Any CPU
		Release|Any CPU = Release|Any CPU
	EndGlobalSection
	GlobalSection(ProjectConfigurationPlatforms) = postSolution
		{263C1730-CEF9-45F9-9A70-26800F1219B0}.Debug|Any CPU.ActiveCfg = Debug|Any CPU
		{263C1730-CEF9-45F9-9A70-26800F1219B0}.Debug|Any CPU.Build.0 = Debug|Any CPU
		{263C1730-CEF9-45F9-9A70-26800F1219B0}.Release|Any CPU.ActiveCfg = Release|Any CPU
		{263C1730-CEF9-45F9-9A70-26800F1219B0}.Release|Any CPU.Build.0 = Release|Any CPU
		{2442CB3A-65AD-4175-B1B4-18D69D025BF7}.Debug|Any CPU.ActiveCfg = Debug|Any CPU
		{2442CB3A-65AD-4175-B1B4-18D69D025BF7}.Debug|Any CPU.Build.0 = Debug|Any CPU
		{2442CB3A-65AD-4175-B1B4-18D69D025BF7}.Release|Any CPU.ActiveCfg = Release|Any CPU
		{2442CB3A-65AD-4175-B1B4-18D69D025BF7}.Release|Any CPU.Build.0 = Release|Any CPU
		{09D0D810-F06C-4002-A4C6-BFCA337B27B5}.Debug|Any CPU.ActiveCfg = Debug|Any CPU
		{09D0D810-F06C-4002-A4C6-BFCA337B27B5}.Debug|Any CPU.Build.0 = Debug|Any CPU
		{09D0D810-F06C-4002-A4C6-BFCA337B27B5}.Release|Any CPU.ActiveCfg = Release|Any CPU
		{09D0D810-F06C-4002-A4C6-BFCA337B27B5}.Release|Any CPU.Build.0 = Release|Any CPU
		{C49C550E-E245-41E5-8F9E-56B3A239F7BF}.Debug|Any CPU.ActiveCfg = Debug|Any CPU
		{C49C550E-E245-41E5-8F9E-56B3A239F7BF}.Debug|Any CPU.Build.0 = Debug|Any CPU
		{C49C550E-E245-41E5-8F9E-56B3A239F7BF}.Release|Any CPU.ActiveCfg = Release|Any CPU
		{C49C550E-E245-41E5-8F9E-56B3A239F7BF}.Release|Any CPU.Build.0 = Release|Any CPU
		{74364A47-8C5B-4EBF-B7B6-F4CD360AD10A}.Debug|Any CPU.ActiveCfg = Debug|Any CPU
		{74364A47-8C5B-4EBF-B7B6-F4CD360AD10A}.Debug|Any CPU.Build.0 = Debug|Any CPU
		{74364A47-8C5B-4EBF-B7B6-F4CD360AD10A}.Release|Any CPU.ActiveCfg = Release|Any CPU
		{74364A47-8C5B-4EBF-B7B6-F4CD360AD10A}.Release|Any CPU.Build.0 = Release|Any CPU
		{CE46D106-F8E5-443F-A9CD-41A0D2E01EBA}.Debug|Any CPU.ActiveCfg = Debug|Any CPU
		{CE46D106-F8E5-443F-A9CD-41A0D2E01EBA}.Debug|Any CPU.Build.0 = Debug|Any CPU
		{CE46D106-F8E5-443F-A9CD-41A0D2E01EBA}.Release|Any CPU.ActiveCfg = Release|Any CPU
		{CE46D106-F8E5-443F-A9CD-41A0D2E01EBA}.Release|Any CPU.Build.0 = Release|Any CPU
		{DC933F5D-EEAB-44F1-B049-A687FC8A3443}.Debug|Any CPU.ActiveCfg = Debug|Any CPU
		{DC933F5D-EEAB-44F1-B049-A687FC8A3443}.Debug|Any CPU.Build.0 = Debug|Any CPU
		{DC933F5D-EEAB-44F1-B049-A687FC8A3443}.Release|Any CPU.ActiveCfg = Release|Any CPU
		{DC933F5D-EEAB-44F1-B049-A687FC8A3443}.Release|Any CPU.Build.0 = Release|Any CPU
		{6B3176E0-D86A-4B7B-86B5-B1DCC465B6C2}.Debug|Any CPU.ActiveCfg = Debug|Any CPU
		{6B3176E0-D86A-4B7B-86B5-B1DCC465B6C2}.Debug|Any CPU.Build.0 = Debug|Any CPU
		{6B3176E0-D86A-4B7B-86B5-B1DCC465B6C2}.Release|Any CPU.ActiveCfg = Release|Any CPU
		{6B3176E0-D86A-4B7B-86B5-B1DCC465B6C2}.Release|Any CPU.Build.0 = Release|Any CPU
		{0D9333B7-E291-4DAC-9C76-A01E0288C9CD}.Debug|Any CPU.ActiveCfg = Debug|Any CPU
		{0D9333B7-E291-4DAC-9C76-A01E0288C9CD}.Debug|Any CPU.Build.0 = Debug|Any CPU
		{0D9333B7-E291-4DAC-9C76-A01E0288C9CD}.Release|Any CPU.ActiveCfg = Release|Any CPU
		{0D9333B7-E291-4DAC-9C76-A01E0288C9CD}.Release|Any CPU.Build.0 = Release|Any CPU
		{AC7A62B6-5150-418C-A0D3-AF4BCA554450}.Debug|Any CPU.ActiveCfg = Debug|Any CPU
		{AC7A62B6-5150-418C-A0D3-AF4BCA554450}.Debug|Any CPU.Build.0 = Debug|Any CPU
		{AC7A62B6-5150-418C-A0D3-AF4BCA554450}.Release|Any CPU.ActiveCfg = Release|Any CPU
		{AC7A62B6-5150-418C-A0D3-AF4BCA554450}.Release|Any CPU.Build.0 = Release|Any CPU
		{C1249A6C-FDB6-4A79-AB48-F9CEE2E291E6}.Debug|Any CPU.ActiveCfg = Debug|Any CPU
		{C1249A6C-FDB6-4A79-AB48-F9CEE2E291E6}.Debug|Any CPU.Build.0 = Debug|Any CPU
		{C1249A6C-FDB6-4A79-AB48-F9CEE2E291E6}.Release|Any CPU.ActiveCfg = Release|Any CPU
		{C1249A6C-FDB6-4A79-AB48-F9CEE2E291E6}.Release|Any CPU.Build.0 = Release|Any CPU
	EndGlobalSection
EndGlobal
